
Microsoft Visual Studio Solution File, Format Version 12.00
# Visual Studio Version 16
VisualStudioVersion = 16.0.31105.61
MinimumVisualStudioVersion = 10.0.40219.1
Project("{FAE04EC0-301F-11D3-BF4B-00C04F79EFBC}") = "AntOptimization", "AntOptimization\AntOptimization.csproj", "{5A3E0E6E-71B3-420E-9659-B7E9C766160F}"
EndProject
Global
	GlobalSection(SolutionConfigurationPlatforms) = preSolution
		Debug|Any CPU = Debug|Any CPU
		Release|Any CPU = Release|Any CPU
	EndGlobalSection
	GlobalSection(ProjectConfigurationPlatforms) = postSolution
		{5A3E0E6E-71B3-420E-9659-B7E9C766160F}.Debug|Any CPU.ActiveCfg = Debug|Any CPU
		{5A3E0E6E-71B3-420E-9659-B7E9C766160F}.Debug|Any CPU.Build.0 = Debug|Any CPU
		{5A3E0E6E-71B3-420E-9659-B7E9C766160F}.Release|Any CPU.ActiveCfg = Release|Any CPU
		{5A3E0E6E-71B3-420E-9659-B7E9C766160F}.Release|Any CPU.Build.0 = Release|Any CPU
	EndGlobalSection
	GlobalSection(SolutionProperties) = preSolution
		HideSolutionNode = FALSE
	EndGlobalSection
	GlobalSection(ExtensibilityGlobals) = postSolution
		SolutionGuid = {FCDA4AC5-702C-49C9-B223-6B0DF679B596}
	EndGlobalSection
EndGlobal
